// !$*UTF8*$!
{
	archiveVersion = 1;
	classes = {
	};
	objectVersion = 56;
	objects = {

/* Begin PBXBuildFile section */
		688E0F5B29CCA2E0001E102F /* BookReaderApp.swift in Sources */ = {isa = PBXBuildFile; fileRef = 688E0F5A29CCA2E0001E102F /* BookReaderApp.swift */; };
		688E0F5F29CCA2E1001E102F /* Assets.xcassets in Resources */ = {isa = PBXBuildFile; fileRef = 688E0F5E29CCA2E1001E102F /* Assets.xcassets */; };
		688E0F6329CCA2E1001E102F /* Preview Assets.xcassets in Resources */ = {isa = PBXBuildFile; fileRef = 688E0F6229CCA2E1001E102F /* Preview Assets.xcassets */; };
		688E0F6D29CCB630001E102F /* Book.swift in Sources */ = {isa = PBXBuildFile; fileRef = 688E0F6C29CCB630001E102F /* Book.swift */; };
		688E0F6F29CCB664001E102F /* BookView.swift in Sources */ = {isa = PBXBuildFile; fileRef = 688E0F6E29CCB664001E102F /* BookView.swift */; };
		688E0F7129CCB6D6001E102F /* BookEditView.swift in Sources */ = {isa = PBXBuildFile; fileRef = 688E0F7029CCB6D6001E102F /* BookEditView.swift */; };
		688E0F7329CCB70E001E102F /* LibraryView.swift in Sources */ = {isa = PBXBuildFile; fileRef = 688E0F7229CCB70E001E102F /* LibraryView.swift */; };
		688E0F7529CCB7A3001E102F /* Library.swift in Sources */ = {isa = PBXBuildFile; fileRef = 688E0F7429CCB7A3001E102F /* Library.swift */; };
/* End PBXBuildFile section */

/* Begin PBXFileReference section */
		688E0F5729CCA2E0001E102F /* ObservableObjectSample.app */ = {isa = PBXFileReference; explicitFileType = wrapper.application; includeInIndex = 0; path = ObservableObjectSample.app; sourceTree = BUILT_PRODUCTS_DIR; };
		688E0F5A29CCA2E0001E102F /* BookReaderApp.swift */ = {isa = PBXFileReference; lastKnownFileType = sourcecode.swift; path = BookReaderApp.swift; sourceTree = "<group>"; };
		688E0F5E29CCA2E1001E102F /* Assets.xcassets */ = {isa = PBXFileReference; lastKnownFileType = folder.assetcatalog; path = Assets.xcassets; sourceTree = "<group>"; };
		688E0F6029CCA2E1001E102F /* Sample.entitlements */ = {isa = PBXFileReference; lastKnownFileType = text.plist.entitlements; path = Sample.entitlements; sourceTree = "<group>"; };
		688E0F6229CCA2E1001E102F /* Preview Assets.xcassets */ = {isa = PBXFileReference; lastKnownFileType = folder.assetcatalog; path = "Preview Assets.xcassets"; sourceTree = "<group>"; };
		688E0F6929CCA315001E102F /* README.md */ = {isa = PBXFileReference; lastKnownFileType = net.daringfireball.markdown; path = README.md; sourceTree = "<group>"; };
		688E0F6C29CCB630001E102F /* Book.swift */ = {isa = PBXFileReference; lastKnownFileType = sourcecode.swift; path = Book.swift; sourceTree = "<group>"; };
		688E0F6E29CCB664001E102F /* BookView.swift */ = {isa = PBXFileReference; lastKnownFileType = sourcecode.swift; path = BookView.swift; sourceTree = "<group>"; };
		688E0F7029CCB6D6001E102F /* BookEditView.swift */ = {isa = PBXFileReference; lastKnownFileType = sourcecode.swift; path = BookEditView.swift; sourceTree = "<group>"; };
		688E0F7229CCB70E001E102F /* LibraryView.swift */ = {isa = PBXFileReference; lastKnownFileType = sourcecode.swift; path = LibraryView.swift; sourceTree = "<group>"; };
		688E0F7429CCB7A3001E102F /* Library.swift */ = {isa = PBXFileReference; lastKnownFileType = sourcecode.swift; path = Library.swift; sourceTree = "<group>"; };
		75A2C4AC2AE4CA0051803541 /* SampleCode.xcconfig */ = {isa = PBXFileReference; lastKnownFileType = text.xcconfig; name = SampleCode.xcconfig; path = Configuration/SampleCode.xcconfig; sourceTree = "<group>"; };
		D1F1C44DFF00993A3CB62634 /* LICENSE.txt */ = {isa = PBXFileReference; includeInIndex = 1; lastKnownFileType = text; path = LICENSE.txt; sourceTree = "<group>"; };
/* End PBXFileReference section */

/* Begin PBXFrameworksBuildPhase section */
		688E0F5429CCA2E0001E102F /* Frameworks */ = {
			isa = PBXFrameworksBuildPhase;
			buildActionMask = 2147483647;
			files = (
			);
			runOnlyForDeploymentPostprocessing = 0;
		};
/* End PBXFrameworksBuildPhase section */

/* Begin PBXGroup section */
		5CB7B0140721E7F248293566 /* Configuration */ = {
			isa = PBXGroup;
			children = (
				75A2C4AC2AE4CA0051803541 /* SampleCode.xcconfig */,
			);
			name = Configuration;
			sourceTree = "<group>";
		};
		688E0F4E29CCA2E0001E102F = {
			isa = PBXGroup;
			children = (
				688E0F6929CCA315001E102F /* README.md */,
				688E0F5929CCA2E0001E102F /* Sample */,
				688E0F5829CCA2E0001E102F /* Products */,
				5CB7B0140721E7F248293566 /* Configuration */,
				C1A897FBA15452B9FCA6E052 /* LICENSE */,
			);
			sourceTree = "<group>";
		};
		688E0F5829CCA2E0001E102F /* Products */ = {
			isa = PBXGroup;
			children = (
				688E0F5729CCA2E0001E102F /* ObservableObjectSample.app */,
			);
			name = Products;
			sourceTree = "<group>";
		};
		688E0F5929CCA2E0001E102F /* Sample */ = {
			isa = PBXGroup;
			children = (
				688E0F5A29CCA2E0001E102F /* BookReaderApp.swift */,
				688E0F6A29CCB60E001E102F /* Models */,
				688E0F6B29CCB615001E102F /* Views */,
				688E0F5E29CCA2E1001E102F /* Assets.xcassets */,
				688E0F6029CCA2E1001E102F /* Sample.entitlements */,
				688E0F6129CCA2E1001E102F /* Preview Content */,
			);
			path = Sample;
			sourceTree = "<group>";
		};
		688E0F6129CCA2E1001E102F /* Preview Content */ = {
			isa = PBXGroup;
			children = (
				688E0F6229CCA2E1001E102F /* Preview Assets.xcassets */,
			);
			path = "Preview Content";
			sourceTree = "<group>";
		};
		688E0F6A29CCB60E001E102F /* Models */ = {
			isa = PBXGroup;
			children = (
				688E0F6C29CCB630001E102F /* Book.swift */,
				688E0F7429CCB7A3001E102F /* Library.swift */,
			);
			path = Models;
			sourceTree = "<group>";
		};
		688E0F6B29CCB615001E102F /* Views */ = {
			isa = PBXGroup;
			children = (
				688E0F6E29CCB664001E102F /* BookView.swift */,
				688E0F7029CCB6D6001E102F /* BookEditView.swift */,
				688E0F7229CCB70E001E102F /* LibraryView.swift */,
			);
			path = Views;
			sourceTree = "<group>";
		};
		C1A897FBA15452B9FCA6E052 /* LICENSE */ = {
			isa = PBXGroup;
			children = (
				D1F1C44DFF00993A3CB62634 /* LICENSE.txt */,
			);
			path = LICENSE;
			sourceTree = "<group>";
		};
/* End PBXGroup section */

/* Begin PBXNativeTarget section */
		688E0F5629CCA2E0001E102F /* ObservableObjectSample */ = {
			isa = PBXNativeTarget;
			buildConfigurationList = 688E0F6629CCA2E1001E102F /* Build configuration list for PBXNativeTarget "ObservableObjectSample" */;
			buildPhases = (
				688E0F5329CCA2E0001E102F /* Sources */,
				688E0F5429CCA2E0001E102F /* Frameworks */,
				688E0F5529CCA2E0001E102F /* Resources */,
			);
			buildRules = (
			);
			dependencies = (
			);
			name = ObservableObjectSample;
			productName = ObservableObjectSample;
			productReference = 688E0F5729CCA2E0001E102F /* ObservableObjectSample.app */;
			productType = "com.apple.product-type.application";
		};
/* End PBXNativeTarget section */

/* Begin PBXProject section */
		688E0F4F29CCA2E0001E102F /* Project object */ = {
			isa = PBXProject;
			attributes = {
				BuildIndependentTargetsInParallel = 1;
				LastSwiftUpdateCheck = 1420;
				LastUpgradeCheck = 1420;
				ORGANIZATIONNAME = Apple;
				TargetAttributes = {
					688E0F5629CCA2E0001E102F = {
						CreatedOnToolsVersion = 14.2;
					};
				};
			};
			buildConfigurationList = 688E0F5229CCA2E0001E102F /* Build configuration list for PBXProject "ObservableObjectSample" */;
			compatibilityVersion = "Xcode 14.0";
			developmentRegion = en;
			hasScannedForEncodings = 0;
			knownRegions = (
				en,
				Base,
			);
			mainGroup = 688E0F4E29CCA2E0001E102F;
			productRefGroup = 688E0F5829CCA2E0001E102F /* Products */;
			projectDirPath = "";
			projectRoot = "";
			targets = (
				688E0F5629CCA2E0001E102F /* ObservableObjectSample */,
			);
		};
/* End PBXProject section */

/* Begin PBXResourcesBuildPhase section */
		688E0F5529CCA2E0001E102F /* Resources */ = {
			isa = PBXResourcesBuildPhase;
			buildActionMask = 2147483647;
			files = (
				688E0F6329CCA2E1001E102F /* Preview Assets.xcassets in Resources */,
				688E0F5F29CCA2E1001E102F /* Assets.xcassets in Resources */,
			);
			runOnlyForDeploymentPostprocessing = 0;
		};
/* End PBXResourcesBuildPhase section */

/* Begin PBXSourcesBuildPhase section */
		688E0F5329CCA2E0001E102F /* Sources */ = {
			isa = PBXSourcesBuildPhase;
			buildActionMask = 2147483647;
			files = (
				688E0F7529CCB7A3001E102F /* Library.swift in Sources */,
				688E0F5B29CCA2E0001E102F /* BookReaderApp.swift in Sources */,
				688E0F6D29CCB630001E102F /* Book.swift in Sources */,
				688E0F6F29CCB664001E102F /* BookView.swift in Sources */,
				688E0F7329CCB70E001E102F /* LibraryView.swift in Sources */,
				688E0F7129CCB6D6001E102F /* BookEditView.swift in Sources */,
			);
			runOnlyForDeploymentPostprocessing = 0;
		};
/* End PBXSourcesBuildPhase section */

/* Begin XCBuildConfiguration section */
		688E0F6429CCA2E1001E102F /* Debug */ = {
			isa = XCBuildConfiguration;
			baseConfigurationReference = 75A2C4AC2AE4CA0051803541 /* SampleCode.xcconfig */;
			buildSettings = {
				ALWAYS_SEARCH_USER_PATHS = NO;
				CLANG_ANALYZER_NONNULL = YES;
				CLANG_ANALYZER_NUMBER_OBJECT_CONVERSION = YES_AGGRESSIVE;
				CLANG_CXX_LANGUAGE_STANDARD = "gnu++20";
				CLANG_ENABLE_MODULES = YES;
				CLANG_ENABLE_OBJC_ARC = YES;
				CLANG_ENABLE_OBJC_WEAK = YES;
				CLANG_WARN_BLOCK_CAPTURE_AUTORELEASING = YES;
				CLANG_WARN_BOOL_CONVERSION = YES;
				CLANG_WARN_COMMA = YES;
				CLANG_WARN_CONSTANT_CONVERSION = YES;
				CLANG_WARN_DEPRECATED_OBJC_IMPLEMENTATIONS = YES;
				CLANG_WARN_DIRECT_OBJC_ISA_USAGE = YES_ERROR;
				CLANG_WARN_DOCUMENTATION_COMMENTS = YES;
				CLANG_WARN_EMPTY_BODY = YES;
				CLANG_WARN_ENUM_CONVERSION = YES;
				CLANG_WARN_INFINITE_RECURSION = YES;
				CLANG_WARN_INT_CONVERSION = YES;
				CLANG_WARN_NON_LITERAL_NULL_CONVERSION = YES;
				CLANG_WARN_OBJC_IMPLICIT_RETAIN_SELF = YES;
				CLANG_WARN_OBJC_LITERAL_CONVERSION = YES;
				CLANG_WARN_OBJC_ROOT_CLASS = YES_ERROR;
				CLANG_WARN_QUOTED_INCLUDE_IN_FRAMEWORK_HEADER = YES;
				CLANG_WARN_RANGE_LOOP_ANALYSIS = YES;
				CLANG_WARN_STRICT_PROTOTYPES = YES;
				CLANG_WARN_SUSPICIOUS_MOVE = YES;
				CLANG_WARN_UNGUARDED_AVAILABILITY = YES_AGGRESSIVE;
				CLANG_WARN_UNREACHABLE_CODE = YES;
				CLANG_WARN__DUPLICATE_METHOD_MATCH = YES;
				COPY_PHASE_STRIP = NO;
				DEBUG_INFORMATION_FORMAT = dwarf;
				ENABLE_STRICT_OBJC_MSGSEND = YES;
				ENABLE_TESTABILITY = YES;
				GCC_C_LANGUAGE_STANDARD = gnu11;
				GCC_DYNAMIC_NO_PIC = NO;
				GCC_NO_COMMON_BLOCKS = YES;
				GCC_OPTIMIZATION_LEVEL = 0;
				GCC_PREPROCESSOR_DEFINITIONS = (
					"DEBUG=1",
					"$(inherited)",
				);
				GCC_WARN_64_TO_32_BIT_CONVERSION = YES;
				GCC_WARN_ABOUT_RETURN_TYPE = YES_ERROR;
				GCC_WARN_UNDECLARED_SELECTOR = YES;
				GCC_WARN_UNINITIALIZED_AUTOS = YES_AGGRESSIVE;
				GCC_WARN_UNUSED_FUNCTION = YES;
				GCC_WARN_UNUSED_VARIABLE = YES;
				MTL_ENABLE_DEBUG_INFO = INCLUDE_SOURCE;
				MTL_FAST_MATH = YES;
				ONLY_ACTIVE_ARCH = YES;
				SWIFT_ACTIVE_COMPILATION_CONDITIONS = DEBUG;
				SWIFT_OPTIMIZATION_LEVEL = "-Onone";
			};
			name = Debug;
		};
		688E0F6529CCA2E1001E102F /* Release */ = {
			isa = XCBuildConfiguration;
			baseConfigurationReference = 75A2C4AC2AE4CA0051803541 /* SampleCode.xcconfig */;
			buildSettings = {
				ALWAYS_SEARCH_USER_PATHS = NO;
				CLANG_ANALYZER_NONNULL = YES;
				CLANG_ANALYZER_NUMBER_OBJECT_CONVERSION = YES_AGGRESSIVE;
				CLANG_CXX_LANGUAGE_STANDARD = "gnu++20";
				CLANG_ENABLE_MODULES = YES;
				CLANG_ENABLE_OBJC_ARC = YES;
				CLANG_ENABLE_OBJC_WEAK = YES;
				CLANG_WARN_BLOCK_CAPTURE_AUTORELEASING = YES;
				CLANG_WARN_BOOL_CONVERSION = YES;
				CLANG_WARN_COMMA = YES;
				CLANG_WARN_CONSTANT_CONVERSION = YES;
				CLANG_WARN_DEPRECATED_OBJC_IMPLEMENTATIONS = YES;
				CLANG_WARN_DIRECT_OBJC_ISA_USAGE = YES_ERROR;
				CLANG_WARN_DOCUMENTATION_COMMENTS = YES;
				CLANG_WARN_EMPTY_BODY = YES;
				CLANG_WARN_ENUM_CONVERSION = YES;
				CLANG_WARN_INFINITE_RECURSION = YES;
				CLANG_WARN_INT_CONVERSION = YES;
				CLANG_WARN_NON_LITERAL_NULL_CONVERSION = YES;
				CLANG_WARN_OBJC_IMPLICIT_RETAIN_SELF = YES;
				CLANG_WARN_OBJC_LITERAL_CONVERSION = YES;
				CLANG_WARN_OBJC_ROOT_CLASS = YES_ERROR;
				CLANG_WARN_QUOTED_INCLUDE_IN_FRAMEWORK_HEADER = YES;
				CLANG_WARN_RANGE_LOOP_ANALYSIS = YES;
				CLANG_WARN_STRICT_PROTOTYPES = YES;
				CLANG_WARN_SUSPICIOUS_MOVE = YES;
				CLANG_WARN_UNGUARDED_AVAILABILITY = YES_AGGRESSIVE;
				CLANG_WARN_UNREACHABLE_CODE = YES;
				CLANG_WARN__DUPLICATE_METHOD_MATCH = YES;
				COPY_PHASE_STRIP = NO;
				DEBUG_INFORMATION_FORMAT = "dwarf-with-dsym";
				ENABLE_NS_ASSERTIONS = NO;
				ENABLE_STRICT_OBJC_MSGSEND = YES;
				GCC_C_LANGUAGE_STANDARD = gnu11;
				GCC_NO_COMMON_BLOCKS = YES;
				GCC_WARN_64_TO_32_BIT_CONVERSION = YES;
				GCC_WARN_ABOUT_RETURN_TYPE = YES_ERROR;
				GCC_WARN_UNDECLARED_SELECTOR = YES;
				GCC_WARN_UNINITIALIZED_AUTOS = YES_AGGRESSIVE;
				GCC_WARN_UNUSED_FUNCTION = YES;
				GCC_WARN_UNUSED_VARIABLE = YES;
				MTL_ENABLE_DEBUG_INFO = NO;
				MTL_FAST_MATH = YES;
				SWIFT_COMPILATION_MODE = wholemodule;
				SWIFT_OPTIMIZATION_LEVEL = "-O";
			};
			name = Release;
		};
		688E0F6729CCA2E1001E102F /* Debug */ = {
			isa = XCBuildConfiguration;
			baseConfigurationReference = 75A2C4AC2AE4CA0051803541 /* SampleCode.xcconfig */;
			buildSettings = {
				ASSETCATALOG_COMPILER_APPICON_NAME = AppIcon;
				ASSETCATALOG_COMPILER_GLOBAL_ACCENT_COLOR_NAME = AccentColor;
				CODE_SIGN_ENTITLEMENTS = Sample/Sample.entitlements;
				CODE_SIGN_STYLE = Automatic;
				CURRENT_PROJECT_VERSION = 1;
				DEVELOPMENT_ASSET_PATHS = "\"Sample/Preview Content\"";
				DEVELOPMENT_TEAM = 949Z9P63ML;
				ENABLE_HARDENED_RUNTIME = YES;
				ENABLE_PREVIEWS = YES;
				GENERATE_INFOPLIST_FILE = YES;
				"INFOPLIST_KEY_UIApplicationSceneManifest_Generation[sdk=iphoneos*]" = YES;
				"INFOPLIST_KEY_UIApplicationSceneManifest_Generation[sdk=iphonesimulator*]" = YES;
				"INFOPLIST_KEY_UIApplicationSupportsIndirectInputEvents[sdk=iphoneos*]" = YES;
				"INFOPLIST_KEY_UIApplicationSupportsIndirectInputEvents[sdk=iphonesimulator*]" = YES;
				"INFOPLIST_KEY_UILaunchScreen_Generation[sdk=iphoneos*]" = YES;
				"INFOPLIST_KEY_UILaunchScreen_Generation[sdk=iphonesimulator*]" = YES;
				"INFOPLIST_KEY_UIStatusBarStyle[sdk=iphoneos*]" = UIStatusBarStyleDefault;
				"INFOPLIST_KEY_UIStatusBarStyle[sdk=iphonesimulator*]" = UIStatusBarStyleDefault;
				INFOPLIST_KEY_UISupportedInterfaceOrientations_iPad = "UIInterfaceOrientationPortrait UIInterfaceOrientationPortraitUpsideDown UIInterfaceOrientationLandscapeLeft UIInterfaceOrientationLandscapeRight";
				INFOPLIST_KEY_UISupportedInterfaceOrientations_iPhone = "UIInterfaceOrientationPortrait UIInterfaceOrientationLandscapeLeft UIInterfaceOrientationLandscapeRight";
				IPHONEOS_DEPLOYMENT_TARGET = 16.2;
				LD_RUNPATH_SEARCH_PATHS = "@executable_path/Frameworks";
				"LD_RUNPATH_SEARCH_PATHS[sdk=macosx*]" = "@executable_path/../Frameworks";
				MACOSX_DEPLOYMENT_TARGET = 13.1;
				MARKETING_VERSION = 1.0;
				PRODUCT_BUNDLE_IDENTIFIER = "com.example.apple-samplecode.ObservableObjectSample${SAMPLE_CODE_DISAMBIGUATOR}";
				PRODUCT_NAME = "$(TARGET_NAME)";
				SDKROOT = auto;
				SUPPORTED_PLATFORMS = "iphoneos iphonesimulator macosx";
				SWIFT_EMIT_LOC_STRINGS = YES;
				SWIFT_VERSION = 5.0;
				TARGETED_DEVICE_FAMILY = "1,2";
			};
			name = Debug;
		};
		688E0F6829CCA2E1001E102F /* Release */ = {
			isa = XCBuildConfiguration;
			baseConfigurationReference = 75A2C4AC2AE4CA0051803541 /* SampleCode.xcconfig */;
			buildSettings = {
				ASSETCATALOG_COMPILER_APPICON_NAME = AppIcon;
				ASSETCATALOG_COMPILER_GLOBAL_ACCENT_COLOR_NAME = AccentColor;
				CODE_SIGN_ENTITLEMENTS = Sample/Sample.entitlements;
				CODE_SIGN_STYLE = Automatic;
				CURRENT_PROJECT_VERSION = 1;
				DEVELOPMENT_ASSET_PATHS = "\"Sample/Preview Content\"";
				DEVELOPMENT_TEAM = 949Z9P63ML;
				ENABLE_HARDENED_RUNTIME = YES;
				ENABLE_PREVIEWS = YES;
				GENERATE_INFOPLIST_FILE = YES;
				"INFOPLIST_KEY_UIApplicationSceneManifest_Generation[sdk=iphoneos*]" = YES;
				"INFOPLIST_KEY_UIApplicationSceneManifest_Generation[sdk=iphonesimulator*]" = YES;
				"INFOPLIST_KEY_UIApplicationSupportsIndirectInputEvents[sdk=iphoneos*]" = YES;
				"INFOPLIST_KEY_UIApplicationSupportsIndirectInputEvents[sdk=iphonesimulator*]" = YES;
				"INFOPLIST_KEY_UILaunchScreen_Generation[sdk=iphoneos*]" = YES;
				"INFOPLIST_KEY_UILaunchScreen_Generation[sdk=iphonesimulator*]" = YES;
				"INFOPLIST_KEY_UIStatusBarStyle[sdk=iphoneos*]" = UIStatusBarStyleDefault;
				"INFOPLIST_KEY_UIStatusBarStyle[sdk=iphonesimulator*]" = UIStatusBarStyleDefault;
				INFOPLIST_KEY_UISupportedInterfaceOrientations_iPad = "UIInterfaceOrientationPortrait UIInterfaceOrientationPortraitUpsideDown UIInterfaceOrientationLandscapeLeft UIInterfaceOrientationLandscapeRight";
				INFOPLIST_KEY_UISupportedInterfaceOrientations_iPhone = "UIInterfaceOrientationPortrait UIInterfaceOrientationLandscapeLeft UIInterfaceOrientationLandscapeRight";
				IPHONEOS_DEPLOYMENT_TARGET = 16.2;
				LD_RUNPATH_SEARCH_PATHS = "@executable_path/Frameworks";
				"LD_RUNPATH_SEARCH_PATHS[sdk=macosx*]" = "@executable_path/../Frameworks";
				MACOSX_DEPLOYMENT_TARGET = 13.1;
				MARKETING_VERSION = 1.0;
				PRODUCT_BUNDLE_IDENTIFIER = "com.example.apple-samplecode.ObservableObjectSample${SAMPLE_CODE_DISAMBIGUATOR}";
				PRODUCT_NAME = "$(TARGET_NAME)";
				SDKROOT = auto;
				SUPPORTED_PLATFORMS = "iphoneos iphonesimulator macosx";
				SWIFT_EMIT_LOC_STRINGS = YES;
				SWIFT_VERSION = 5.0;
				TARGETED_DEVICE_FAMILY = "1,2";
			};
			name = Release;
		};
/* End XCBuildConfiguration section */

/* Begin XCConfigurationList section */
		688E0F5229CCA2E0001E102F /* Build configuration list for PBXProject "ObservableObjectSample" */ = {
			isa = XCConfigurationList;
			buildConfigurations = (
				688E0F6429CCA2E1001E102F /* Debug */,
				688E0F6529CCA2E1001E102F /* Release */,
			);
			defaultConfigurationIsVisible = 0;
			defaultConfigurationName = Release;
		};
		688E0F6629CCA2E1001E102F /* Build configuration list for PBXNativeTarget "ObservableObjectSample" */ = {
			isa = XCConfigurationList;
			buildConfigurations = (
				688E0F6729CCA2E1001E102F /* Debug */,
				688E0F6829CCA2E1001E102F /* Release */,
			);
			defaultConfigurationIsVisible = 0;
			defaultConfigurationName = Release;
		};
/* End XCConfigurationList section */
	};
	rootObject = 688E0F4F29CCA2E0001E102F /* Project object */;
}
